{
  "requires": true,
  "lockfileVersion": 1,
  "dependencies": {
    "eventemitter2": {
      "version": "5.0.1",
      "resolved": "https://registry.npmjs.org/eventemitter2/-/eventemitter2-5.0.1.tgz",
      "integrity": "sha1-YZegldX7a1folC9v1+qtY6CclFI="
    },
    "janus": {
      "version": "0.5.2",
      "resolved": "https://registry.npmjs.org/janus/-/janus-0.5.2.tgz",
      "integrity": "sha512-Q5k669jOb2EpEoatLxxvEW2YCXMnqs2o8t8HjBWuHwSEL9egdzjjeWBDrCs6RuBUrAf6tkRmwQCaSEvf2trzbw==",
      "requires": {
        "eventemitter2": "~5"
      }
    }
  }
}
